{
  "name": "ckeditor5-orchardcore-shortcodes",
  "version": "1.0.0",
  "lockfileVersion": 1,
  "requires": true,
  "dependencies": {
    "@ckeditor/ckeditor5-clipboard": {
      "version": "27.0.0",
      "resolved": "https://registry.npmjs.org/@ckeditor/ckeditor5-clipboard/-/ckeditor5-clipboard-27.0.0.tgz",
      "integrity": "sha512-oNLLjPWFoTIqdf6BOtKBDu0qUQiIia5TM6acxi5DKx5YdXnwg1GozxYa4x590EhUVIDFe6i0JuZbkALQ2tBI5g==",
      "dev": true,
      "requires": {
        "@ckeditor/ckeditor5-core": "^27.0.0",
        "@ckeditor/ckeditor5-engine": "^27.0.0",
        "@ckeditor/ckeditor5-utils": "^27.0.0",
        "@ckeditor/ckeditor5-widget": "^27.0.0",
        "lodash-es": "^4.17.11"
      },
      "dependencies": {
        "@ckeditor/ckeditor5-core": {
          "version": "27.0.0",
          "resolved": "https://registry.npmjs.org/@ckeditor/ckeditor5-core/-/ckeditor5-core-27.0.0.tgz",
          "integrity": "sha512-0dtV2eREe3mh1vqG8x4cIYCwFthzA5aOvRdaIQSj6T6JuBR9lO2IiniOpR0CAsiIgpAM9vmggah+Knngbe2gEA==",
          "dev": true,
          "requires": {
            "@ckeditor/ckeditor5-engine": "^27.0.0",
            "@ckeditor/ckeditor5-ui": "^27.0.0",
            "@ckeditor/ckeditor5-utils": "^27.0.0",
            "lodash-es": "^4.17.15"
          }
        },
        "@ckeditor/ckeditor5-engine": {
          "version": "27.0.0",
          "resolved": "https://registry.npmjs.org/@ckeditor/ckeditor5-engine/-/ckeditor5-engine-27.0.0.tgz",
          "integrity": "sha512-pOOf155t4HY9PFqZbXcEZf/M/foDze6ht60v9QNfBXQ62JNFCbfVm3R8EeFvJ7eQ1xuONx1CmvNbw3he/Ow2IQ==",
          "dev": true,
          "requires": {
            "@ckeditor/ckeditor5-utils": "^27.0.0",
            "lodash-es": "^4.17.15"
          }
        },
        "@ckeditor/ckeditor5-ui": {
          "version": "27.0.0",
          "resolved": "https://registry.npmjs.org/@ckeditor/ckeditor5-ui/-/ckeditor5-ui-27.0.0.tgz",
          "integrity": "sha512-r+29zRUSBMEBUDRAN+rAxi/xPLxozEj9gLUHSvU0+uTiungq0X/hLj676J+JrIohiDe/DcuvZ/OwDi4n6v8i+g==",
          "dev": true,
          "requires": {
            "@ckeditor/ckeditor5-utils": "^27.0.0",
            "ckeditor5": "^27.0.0",
            "lodash-es": "^4.17.15"
          }
        },
        "@ckeditor/ckeditor5-utils": {
          "version": "27.0.0",
          "resolved": "https://registry.npmjs.org/@ckeditor/ckeditor5-utils/-/ckeditor5-utils-27.0.0.tgz",
          "integrity": "sha512-GYscRP6M73og0DRASbUmelL6SHP77F7XaoI3rZrHIXA+ykOp83v9b6I/5CiJdSvB8t/oHVq/ZoJ6s6CrkVFMEQ==",
          "dev": true,
          "requires": {
            "lodash-es": "^4.17.15"
          }
        }
      }
    },
    "@ckeditor/ckeditor5-core": {
      "version": "23.0.0",
      "resolved": "https://registry.npmjs.org/@ckeditor/ckeditor5-core/-/ckeditor5-core-23.0.0.tgz",
      "integrity": "sha512-NjelymGQBJPnEplS0rN/y6oDCdg6+5BcFF5NffxCzzXyqrFguIVSzgSaBXB7ujwX6AkecvEPM7yN8UQg+8z98A==",
      "dev": true,
      "requires": {
        "@ckeditor/ckeditor5-engine": "^23.0.0",
        "@ckeditor/ckeditor5-utils": "^23.0.0",
        "lodash-es": "^4.17.15"
      }
    },
    "@ckeditor/ckeditor5-engine": {
      "version": "23.0.0",
      "resolved": "https://registry.npmjs.org/@ckeditor/ckeditor5-engine/-/ckeditor5-engine-23.0.0.tgz",
      "integrity": "sha512-DKYHxN7WORlX3HsgEXMlIaUQFfyGzg21aMA8vRIl3IZrDKdsyJILu63Z+CTs0NSP5CGZyOqwSPE20Pf5luQrUA==",
      "dev": true,
      "requires": {
        "@ckeditor/ckeditor5-utils": "^23.0.0",
        "lodash-es": "^4.17.15"
      }
    },
    "@ckeditor/ckeditor5-enter": {
      "version": "27.0.0",
      "resolved": "https://registry.npmjs.org/@ckeditor/ckeditor5-enter/-/ckeditor5-enter-27.0.0.tgz",
      "integrity": "sha512-SBfztQEvtpWBf9JZ51ERwjiHBjGfVosOzyMIxLz010HXwswuuPY9NA2nLkYf534Vyu4Y4iPhMv5lgy80XyP/TQ==",
      "dev": true,
      "requires": {
        "@ckeditor/ckeditor5-core": "^27.0.0",
        "@ckeditor/ckeditor5-engine": "^27.0.0",
        "@ckeditor/ckeditor5-utils": "^27.0.0"
      },
      "dependencies": {
        "@ckeditor/ckeditor5-core": {
          "version": "27.0.0",
          "resolved": "https://registry.npmjs.org/@ckeditor/ckeditor5-core/-/ckeditor5-core-27.0.0.tgz",
          "integrity": "sha512-0dtV2eREe3mh1vqG8x4cIYCwFthzA5aOvRdaIQSj6T6JuBR9lO2IiniOpR0CAsiIgpAM9vmggah+Knngbe2gEA==",
          "dev": true,
          "requires": {
            "@ckeditor/ckeditor5-engine": "^27.0.0",
            "@ckeditor/ckeditor5-ui": "^27.0.0",
            "@ckeditor/ckeditor5-utils": "^27.0.0",
            "lodash-es": "^4.17.15"
          }
        },
        "@ckeditor/ckeditor5-engine": {
          "version": "27.0.0",
          "resolved": "https://registry.npmjs.org/@ckeditor/ckeditor5-engine/-/ckeditor5-engine-27.0.0.tgz",
          "integrity": "sha512-pOOf155t4HY9PFqZbXcEZf/M/foDze6ht60v9QNfBXQ62JNFCbfVm3R8EeFvJ7eQ1xuONx1CmvNbw3he/Ow2IQ==",
          "dev": true,
          "requires": {
            "@ckeditor/ckeditor5-utils": "^27.0.0",
            "lodash-es": "^4.17.15"
          }
        },
        "@ckeditor/ckeditor5-ui": {
          "version": "27.0.0",
          "resolved": "https://registry.npmjs.org/@ckeditor/ckeditor5-ui/-/ckeditor5-ui-27.0.0.tgz",
          "integrity": "sha512-r+29zRUSBMEBUDRAN+rAxi/xPLxozEj9gLUHSvU0+uTiungq0X/hLj676J+JrIohiDe/DcuvZ/OwDi4n6v8i+g==",
          "dev": true,
          "requires": {
            "@ckeditor/ckeditor5-utils": "^27.0.0",
            "ckeditor5": "^27.0.0",
            "lodash-es": "^4.17.15"
          }
        },
        "@ckeditor/ckeditor5-utils": {
          "version": "27.0.0",
          "resolved": "https://registry.npmjs.org/@ckeditor/ckeditor5-utils/-/ckeditor5-utils-27.0.0.tgz",
          "integrity": "sha512-GYscRP6M73og0DRASbUmelL6SHP77F7XaoI3rZrHIXA+ykOp83v9b6I/5CiJdSvB8t/oHVq/ZoJ6s6CrkVFMEQ==",
          "dev": true,
          "requires": {
            "lodash-es": "^4.17.15"
          }
        }
      }
    },
    "@ckeditor/ckeditor5-paragraph": {
      "version": "27.0.0",
      "resolved": "https://registry.npmjs.org/@ckeditor/ckeditor5-paragraph/-/ckeditor5-paragraph-27.0.0.tgz",
      "integrity": "sha512-CzPSzYed4Hx7R7y8jXcaNUX0ZR8vAdPI3bNG625HaL084gA09cfLjprAEIRVXfFFYMRTUNMUrZesKCIhVS3E4w==",
      "dev": true,
      "requires": {
        "@ckeditor/ckeditor5-core": "^27.0.0",
        "@ckeditor/ckeditor5-ui": "^27.0.0",
        "@ckeditor/ckeditor5-utils": "^27.0.0"
      },
      "dependencies": {
        "@ckeditor/ckeditor5-core": {
          "version": "27.0.0",
          "resolved": "https://registry.npmjs.org/@ckeditor/ckeditor5-core/-/ckeditor5-core-27.0.0.tgz",
          "integrity": "sha512-0dtV2eREe3mh1vqG8x4cIYCwFthzA5aOvRdaIQSj6T6JuBR9lO2IiniOpR0CAsiIgpAM9vmggah+Knngbe2gEA==",
          "dev": true,
          "requires": {
            "@ckeditor/ckeditor5-engine": "^27.0.0",
            "@ckeditor/ckeditor5-ui": "^27.0.0",
            "@ckeditor/ckeditor5-utils": "^27.0.0",
            "lodash-es": "^4.17.15"
          }
        },
        "@ckeditor/ckeditor5-engine": {
          "version": "27.0.0",
          "resolved": "https://registry.npmjs.org/@ckeditor/ckeditor5-engine/-/ckeditor5-engine-27.0.0.tgz",
          "integrity": "sha512-pOOf155t4HY9PFqZbXcEZf/M/foDze6ht60v9QNfBXQ62JNFCbfVm3R8EeFvJ7eQ1xuONx1CmvNbw3he/Ow2IQ==",
          "dev": true,
          "requires": {
            "@ckeditor/ckeditor5-utils": "^27.0.0",
            "lodash-es": "^4.17.15"
          }
        },
        "@ckeditor/ckeditor5-ui": {
          "version": "27.0.0",
          "resolved": "https://registry.npmjs.org/@ckeditor/ckeditor5-ui/-/ckeditor5-ui-27.0.0.tgz",
          "integrity": "sha512-r+29zRUSBMEBUDRAN+rAxi/xPLxozEj9gLUHSvU0+uTiungq0X/hLj676J+JrIohiDe/DcuvZ/OwDi4n6v8i+g==",
          "dev": true,
          "requires": {
            "@ckeditor/ckeditor5-utils": "^27.0.0",
            "ckeditor5": "^27.0.0",
            "lodash-es": "^4.17.15"
          }
        },
        "@ckeditor/ckeditor5-utils": {
          "version": "27.0.0",
          "resolved": "https://registry.npmjs.org/@ckeditor/ckeditor5-utils/-/ckeditor5-utils-27.0.0.tgz",
          "integrity": "sha512-GYscRP6M73og0DRASbUmelL6SHP77F7XaoI3rZrHIXA+ykOp83v9b6I/5CiJdSvB8t/oHVq/ZoJ6s6CrkVFMEQ==",
          "dev": true,
          "requires": {
            "lodash-es": "^4.17.15"
          }
        }
      }
    },
    "@ckeditor/ckeditor5-select-all": {
      "version": "27.0.0",
      "resolved": "https://registry.npmjs.org/@ckeditor/ckeditor5-select-all/-/ckeditor5-select-all-27.0.0.tgz",
      "integrity": "sha512-JhWQMZYX96sJcqBt1qf7nLUn1IPEgKgffXKeiwwtTlgcQJeMrWMEkolybtlff0bedk+yqzzDlm9MHPUiFZNyiw==",
      "dev": true,
      "requires": {
        "@ckeditor/ckeditor5-core": "^27.0.0",
        "@ckeditor/ckeditor5-ui": "^27.0.0",
        "@ckeditor/ckeditor5-utils": "^27.0.0"
      },
      "dependencies": {
        "@ckeditor/ckeditor5-core": {
          "version": "27.0.0",
          "resolved": "https://registry.npmjs.org/@ckeditor/ckeditor5-core/-/ckeditor5-core-27.0.0.tgz",
          "integrity": "sha512-0dtV2eREe3mh1vqG8x4cIYCwFthzA5aOvRdaIQSj6T6JuBR9lO2IiniOpR0CAsiIgpAM9vmggah+Knngbe2gEA==",
          "dev": true,
          "requires": {
            "@ckeditor/ckeditor5-engine": "^27.0.0",
            "@ckeditor/ckeditor5-ui": "^27.0.0",
            "@ckeditor/ckeditor5-utils": "^27.0.0",
            "lodash-es": "^4.17.15"
          }
        },
        "@ckeditor/ckeditor5-engine": {
          "version": "27.0.0",
          "resolved": "https://registry.npmjs.org/@ckeditor/ckeditor5-engine/-/ckeditor5-engine-27.0.0.tgz",
          "integrity": "sha512-pOOf155t4HY9PFqZbXcEZf/M/foDze6ht60v9QNfBXQ62JNFCbfVm3R8EeFvJ7eQ1xuONx1CmvNbw3he/Ow2IQ==",
          "dev": true,
          "requires": {
            "@ckeditor/ckeditor5-utils": "^27.0.0",
            "lodash-es": "^4.17.15"
          }
        },
        "@ckeditor/ckeditor5-ui": {
          "version": "27.0.0",
          "resolved": "https://registry.npmjs.org/@ckeditor/ckeditor5-ui/-/ckeditor5-ui-27.0.0.tgz",
          "integrity": "sha512-r+29zRUSBMEBUDRAN+rAxi/xPLxozEj9gLUHSvU0+uTiungq0X/hLj676J+JrIohiDe/DcuvZ/OwDi4n6v8i+g==",
          "dev": true,
          "requires": {
            "@ckeditor/ckeditor5-utils": "^27.0.0",
            "ckeditor5": "^27.0.0",
            "lodash-es": "^4.17.15"
          }
        },
        "@ckeditor/ckeditor5-utils": {
          "version": "27.0.0",
          "resolved": "https://registry.npmjs.org/@ckeditor/ckeditor5-utils/-/ckeditor5-utils-27.0.0.tgz",
          "integrity": "sha512-GYscRP6M73og0DRASbUmelL6SHP77F7XaoI3rZrHIXA+ykOp83v9b6I/5CiJdSvB8t/oHVq/ZoJ6s6CrkVFMEQ==",
          "dev": true,
          "requires": {
            "lodash-es": "^4.17.15"
          }
        }
      }
    },
    "@ckeditor/ckeditor5-typing": {
      "version": "27.0.0",
      "resolved": "https://registry.npmjs.org/@ckeditor/ckeditor5-typing/-/ckeditor5-typing-27.0.0.tgz",
      "integrity": "sha512-VKM2eC0eINqpOSz8k6G9Qu0xwCUnhFaYyT9tG64XRifQSGm0+ED4ygkI0o++cwERYYXB8kLKMloC2rHNK9HnQQ==",
      "dev": true,
      "requires": {
        "@ckeditor/ckeditor5-core": "^27.0.0",
        "@ckeditor/ckeditor5-engine": "^27.0.0",
        "@ckeditor/ckeditor5-utils": "^27.0.0",
        "lodash-es": "^4.17.15"
      },
      "dependencies": {
        "@ckeditor/ckeditor5-core": {
          "version": "27.0.0",
          "resolved": "https://registry.npmjs.org/@ckeditor/ckeditor5-core/-/ckeditor5-core-27.0.0.tgz",
          "integrity": "sha512-0dtV2eREe3mh1vqG8x4cIYCwFthzA5aOvRdaIQSj6T6JuBR9lO2IiniOpR0CAsiIgpAM9vmggah+Knngbe2gEA==",
          "dev": true,
          "requires": {
            "@ckeditor/ckeditor5-engine": "^27.0.0",
            "@ckeditor/ckeditor5-ui": "^27.0.0",
            "@ckeditor/ckeditor5-utils": "^27.0.0",
            "lodash-es": "^4.17.15"
          }
        },
        "@ckeditor/ckeditor5-engine": {
          "version": "27.0.0",
          "resolved": "https://registry.npmjs.org/@ckeditor/ckeditor5-engine/-/ckeditor5-engine-27.0.0.tgz",
          "integrity": "sha512-pOOf155t4HY9PFqZbXcEZf/M/foDze6ht60v9QNfBXQ62JNFCbfVm3R8EeFvJ7eQ1xuONx1CmvNbw3he/Ow2IQ==",
          "dev": true,
          "requires": {
            "@ckeditor/ckeditor5-utils": "^27.0.0",
            "lodash-es": "^4.17.15"
          }
        },
        "@ckeditor/ckeditor5-ui": {
          "version": "27.0.0",
          "resolved": "https://registry.npmjs.org/@ckeditor/ckeditor5-ui/-/ckeditor5-ui-27.0.0.tgz",
          "integrity": "sha512-r+29zRUSBMEBUDRAN+rAxi/xPLxozEj9gLUHSvU0+uTiungq0X/hLj676J+JrIohiDe/DcuvZ/OwDi4n6v8i+g==",
          "dev": true,
          "requires": {
            "@ckeditor/ckeditor5-utils": "^27.0.0",
            "ckeditor5": "^27.0.0",
            "lodash-es": "^4.17.15"
          }
        },
        "@ckeditor/ckeditor5-utils": {
          "version": "27.0.0",
          "resolved": "https://registry.npmjs.org/@ckeditor/ckeditor5-utils/-/ckeditor5-utils-27.0.0.tgz",
          "integrity": "sha512-GYscRP6M73og0DRASbUmelL6SHP77F7XaoI3rZrHIXA+ykOp83v9b6I/5CiJdSvB8t/oHVq/ZoJ6s6CrkVFMEQ==",
          "dev": true,
          "requires": {
            "lodash-es": "^4.17.15"
          }
        }
      }
    },
    "@ckeditor/ckeditor5-ui": {
      "version": "23.0.0",
      "resolved": "https://registry.npmjs.org/@ckeditor/ckeditor5-ui/-/ckeditor5-ui-23.0.0.tgz",
      "integrity": "sha512-X8RyCPMRWBYkb+Ze3e588JOGWfVz8C4cwkYbCHoKC9IaAnJhVeFngQIRMEP4+lTdqTEBW6q/5RZotKLlNOPY2g==",
      "dev": true,
      "requires": {
        "@ckeditor/ckeditor5-core": "^23.0.0",
        "@ckeditor/ckeditor5-utils": "^23.0.0",
        "lodash-es": "^4.17.15"
      }
    },
    "@ckeditor/ckeditor5-undo": {
      "version": "27.0.0",
      "resolved": "https://registry.npmjs.org/@ckeditor/ckeditor5-undo/-/ckeditor5-undo-27.0.0.tgz",
      "integrity": "sha512-FLe6MnC5j0L1BQIrRa4gob8W8GxUXQ8uMG+DvLik07TpaU5PXb/CzUIJz7vZgxhbj7tKd8L9AmfcGza9g0S3kA==",
      "dev": true,
      "requires": {
        "@ckeditor/ckeditor5-core": "^27.0.0",
        "@ckeditor/ckeditor5-engine": "^27.0.0",
        "@ckeditor/ckeditor5-ui": "^27.0.0"
      },
      "dependencies": {
        "@ckeditor/ckeditor5-core": {
          "version": "27.0.0",
          "resolved": "https://registry.npmjs.org/@ckeditor/ckeditor5-core/-/ckeditor5-core-27.0.0.tgz",
          "integrity": "sha512-0dtV2eREe3mh1vqG8x4cIYCwFthzA5aOvRdaIQSj6T6JuBR9lO2IiniOpR0CAsiIgpAM9vmggah+Knngbe2gEA==",
          "dev": true,
          "requires": {
            "@ckeditor/ckeditor5-engine": "^27.0.0",
            "@ckeditor/ckeditor5-ui": "^27.0.0",
            "@ckeditor/ckeditor5-utils": "^27.0.0",
            "lodash-es": "^4.17.15"
          }
        },
        "@ckeditor/ckeditor5-engine": {
          "version": "27.0.0",
          "resolved": "https://registry.npmjs.org/@ckeditor/ckeditor5-engine/-/ckeditor5-engine-27.0.0.tgz",
          "integrity": "sha512-pOOf155t4HY9PFqZbXcEZf/M/foDze6ht60v9QNfBXQ62JNFCbfVm3R8EeFvJ7eQ1xuONx1CmvNbw3he/Ow2IQ==",
          "dev": true,
          "requires": {
            "@ckeditor/ckeditor5-utils": "^27.0.0",
            "lodash-es": "^4.17.15"
          }
        },
        "@ckeditor/ckeditor5-ui": {
          "version": "27.0.0",
          "resolved": "https://registry.npmjs.org/@ckeditor/ckeditor5-ui/-/ckeditor5-ui-27.0.0.tgz",
          "integrity": "sha512-r+29zRUSBMEBUDRAN+rAxi/xPLxozEj9gLUHSvU0+uTiungq0X/hLj676J+JrIohiDe/DcuvZ/OwDi4n6v8i+g==",
          "dev": true,
          "requires": {
            "@ckeditor/ckeditor5-utils": "^27.0.0",
            "ckeditor5": "^27.0.0",
            "lodash-es": "^4.17.15"
          }
        },
        "@ckeditor/ckeditor5-utils": {
          "version": "27.0.0",
          "resolved": "https://registry.npmjs.org/@ckeditor/ckeditor5-utils/-/ckeditor5-utils-27.0.0.tgz",
          "integrity": "sha512-GYscRP6M73og0DRASbUmelL6SHP77F7XaoI3rZrHIXA+ykOp83v9b6I/5CiJdSvB8t/oHVq/ZoJ6s6CrkVFMEQ==",
          "dev": true,
          "requires": {
            "lodash-es": "^4.17.15"
          }
        }
      }
    },
    "@ckeditor/ckeditor5-upload": {
      "version": "27.0.0",
      "resolved": "https://registry.npmjs.org/@ckeditor/ckeditor5-upload/-/ckeditor5-upload-27.0.0.tgz",
      "integrity": "sha512-ZlUpnK2jnMpcjYOz+TFsYQRG5WzXRjGgmsXDNG5gi0mCVwUovErvVFqzEHlXQR1TpKIsxgf5I0uPKPzMXpDOfg==",
      "dev": true,
      "requires": {
        "@ckeditor/ckeditor5-core": "^27.0.0",
        "@ckeditor/ckeditor5-ui": "^27.0.0",
        "@ckeditor/ckeditor5-utils": "^27.0.0"
      },
      "dependencies": {
        "@ckeditor/ckeditor5-core": {
          "version": "27.0.0",
          "resolved": "https://registry.npmjs.org/@ckeditor/ckeditor5-core/-/ckeditor5-core-27.0.0.tgz",
          "integrity": "sha512-0dtV2eREe3mh1vqG8x4cIYCwFthzA5aOvRdaIQSj6T6JuBR9lO2IiniOpR0CAsiIgpAM9vmggah+Knngbe2gEA==",
          "dev": true,
          "requires": {
            "@ckeditor/ckeditor5-engine": "^27.0.0",
            "@ckeditor/ckeditor5-ui": "^27.0.0",
            "@ckeditor/ckeditor5-utils": "^27.0.0",
            "lodash-es": "^4.17.15"
          }
        },
        "@ckeditor/ckeditor5-engine": {
          "version": "27.0.0",
          "resolved": "https://registry.npmjs.org/@ckeditor/ckeditor5-engine/-/ckeditor5-engine-27.0.0.tgz",
          "integrity": "sha512-pOOf155t4HY9PFqZbXcEZf/M/foDze6ht60v9QNfBXQ62JNFCbfVm3R8EeFvJ7eQ1xuONx1CmvNbw3he/Ow2IQ==",
          "dev": true,
          "requires": {
            "@ckeditor/ckeditor5-utils": "^27.0.0",
            "lodash-es": "^4.17.15"
          }
        },
        "@ckeditor/ckeditor5-ui": {
          "version": "27.0.0",
          "resolved": "https://registry.npmjs.org/@ckeditor/ckeditor5-ui/-/ckeditor5-ui-27.0.0.tgz",
          "integrity": "sha512-r+29zRUSBMEBUDRAN+rAxi/xPLxozEj9gLUHSvU0+uTiungq0X/hLj676J+JrIohiDe/DcuvZ/OwDi4n6v8i+g==",
          "dev": true,
          "requires": {
            "@ckeditor/ckeditor5-utils": "^27.0.0",
            "ckeditor5": "^27.0.0",
            "lodash-es": "^4.17.15"
          }
        },
        "@ckeditor/ckeditor5-utils": {
          "version": "27.0.0",
          "resolved": "https://registry.npmjs.org/@ckeditor/ckeditor5-utils/-/ckeditor5-utils-27.0.0.tgz",
          "integrity": "sha512-GYscRP6M73og0DRASbUmelL6SHP77F7XaoI3rZrHIXA+ykOp83v9b6I/5CiJdSvB8t/oHVq/ZoJ6s6CrkVFMEQ==",
          "dev": true,
          "requires": {
            "lodash-es": "^4.17.15"
          }
        }
      }
    },
    "@ckeditor/ckeditor5-utils": {
      "version": "23.0.0",
      "resolved": "https://registry.npmjs.org/@ckeditor/ckeditor5-utils/-/ckeditor5-utils-23.0.0.tgz",
      "integrity": "sha512-el37RemQW207NBN3/DK5XNsFPiyno67bAAQ0Xw0nLqqgQhxPP+UyIWlG2F2Oa7eiVWg2/UdGgeQOOq/OV3ZYTA==",
      "dev": true,
      "requires": {
        "lodash-es": "^4.17.15"
      }
    },
    "@ckeditor/ckeditor5-widget": {
      "version": "27.0.0",
      "resolved": "https://registry.npmjs.org/@ckeditor/ckeditor5-widget/-/ckeditor5-widget-27.0.0.tgz",
      "integrity": "sha512-kgu7EKO7jC4L27etNlbBpk76CKSZJqD9BgST0el+bPvF/cITItSOCVQttKgW/6peu0ROL6dWPjAhnLBjxNi3oA==",
      "dev": true,
      "requires": {
        "@ckeditor/ckeditor5-core": "^27.0.0",
        "@ckeditor/ckeditor5-engine": "^27.0.0",
        "@ckeditor/ckeditor5-enter": "^27.0.0",
        "@ckeditor/ckeditor5-typing": "^27.0.0",
        "@ckeditor/ckeditor5-ui": "^27.0.0",
        "@ckeditor/ckeditor5-utils": "^27.0.0",
        "lodash-es": "^4.17.15"
      },
      "dependencies": {
        "@ckeditor/ckeditor5-core": {
          "version": "27.0.0",
          "resolved": "https://registry.npmjs.org/@ckeditor/ckeditor5-core/-/ckeditor5-core-27.0.0.tgz",
          "integrity": "sha512-0dtV2eREe3mh1vqG8x4cIYCwFthzA5aOvRdaIQSj6T6JuBR9lO2IiniOpR0CAsiIgpAM9vmggah+Knngbe2gEA==",
          "dev": true,
          "requires": {
            "@ckeditor/ckeditor5-engine": "^27.0.0",
            "@ckeditor/ckeditor5-ui": "^27.0.0",
            "@ckeditor/ckeditor5-utils": "^27.0.0",
            "lodash-es": "^4.17.15"
          }
        },
        "@ckeditor/ckeditor5-engine": {
          "version": "27.0.0",
          "resolved": "https://registry.npmjs.org/@ckeditor/ckeditor5-engine/-/ckeditor5-engine-27.0.0.tgz",
          "integrity": "sha512-pOOf155t4HY9PFqZbXcEZf/M/foDze6ht60v9QNfBXQ62JNFCbfVm3R8EeFvJ7eQ1xuONx1CmvNbw3he/Ow2IQ==",
          "dev": true,
          "requires": {
            "@ckeditor/ckeditor5-utils": "^27.0.0",
            "lodash-es": "^4.17.15"
          }
        },
        "@ckeditor/ckeditor5-ui": {
          "version": "27.0.0",
          "resolved": "https://registry.npmjs.org/@ckeditor/ckeditor5-ui/-/ckeditor5-ui-27.0.0.tgz",
          "integrity": "sha512-r+29zRUSBMEBUDRAN+rAxi/xPLxozEj9gLUHSvU0+uTiungq0X/hLj676J+JrIohiDe/DcuvZ/OwDi4n6v8i+g==",
          "dev": true,
          "requires": {
            "@ckeditor/ckeditor5-utils": "^27.0.0",
            "ckeditor5": "^27.0.0",
            "lodash-es": "^4.17.15"
          }
        },
        "@ckeditor/ckeditor5-utils": {
          "version": "27.0.0",
          "resolved": "https://registry.npmjs.org/@ckeditor/ckeditor5-utils/-/ckeditor5-utils-27.0.0.tgz",
          "integrity": "sha512-GYscRP6M73og0DRASbUmelL6SHP77F7XaoI3rZrHIXA+ykOp83v9b6I/5CiJdSvB8t/oHVq/ZoJ6s6CrkVFMEQ==",
          "dev": true,
          "requires": {
            "lodash-es": "^4.17.15"
          }
        }
      }
    },
    "ckeditor5": {
      "version": "27.0.0",
      "resolved": "https://registry.npmjs.org/ckeditor5/-/ckeditor5-27.0.0.tgz",
      "integrity": "sha512-KjAjA/K5sNZ2UOaD3qxYiEv23TUdsZdNgDSMUiMjaFNv7bkoPZ4p8fEM4squzzB6VupLSjDw31WmTPF7Sf0KrA==",
      "dev": true,
      "requires": {
        "@ckeditor/ckeditor5-clipboard": "^27.0.0",
        "@ckeditor/ckeditor5-core": "^27.0.0",
        "@ckeditor/ckeditor5-engine": "^27.0.0",
        "@ckeditor/ckeditor5-enter": "^27.0.0",
        "@ckeditor/ckeditor5-paragraph": "^27.0.0",
        "@ckeditor/ckeditor5-select-all": "^27.0.0",
        "@ckeditor/ckeditor5-typing": "^27.0.0",
        "@ckeditor/ckeditor5-ui": "^27.0.0",
        "@ckeditor/ckeditor5-undo": "^27.0.0",
        "@ckeditor/ckeditor5-upload": "^27.0.0",
        "@ckeditor/ckeditor5-utils": "^27.0.0",
        "@ckeditor/ckeditor5-widget": "^27.0.0"
      },
      "dependencies": {
        "@ckeditor/ckeditor5-core": {
          "version": "27.0.0",
          "resolved": "https://registry.npmjs.org/@ckeditor/ckeditor5-core/-/ckeditor5-core-27.0.0.tgz",
          "integrity": "sha512-0dtV2eREe3mh1vqG8x4cIYCwFthzA5aOvRdaIQSj6T6JuBR9lO2IiniOpR0CAsiIgpAM9vmggah+Knngbe2gEA==",
          "dev": true,
          "requires": {
            "@ckeditor/ckeditor5-engine": "^27.0.0",
            "@ckeditor/ckeditor5-ui": "^27.0.0",
            "@ckeditor/ckeditor5-utils": "^27.0.0",
            "lodash-es": "^4.17.15"
          }
        },
        "@ckeditor/ckeditor5-engine": {
          "version": "27.0.0",
          "resolved": "https://registry.npmjs.org/@ckeditor/ckeditor5-engine/-/ckeditor5-engine-27.0.0.tgz",
          "integrity": "sha512-pOOf155t4HY9PFqZbXcEZf/M/foDze6ht60v9QNfBXQ62JNFCbfVm3R8EeFvJ7eQ1xuONx1CmvNbw3he/Ow2IQ==",
          "dev": true,
          "requires": {
            "@ckeditor/ckeditor5-utils": "^27.0.0",
            "lodash-es": "^4.17.15"
          }
        },
        "@ckeditor/ckeditor5-ui": {
          "version": "27.0.0",
          "resolved": "https://registry.npmjs.org/@ckeditor/ckeditor5-ui/-/ckeditor5-ui-27.0.0.tgz",
          "integrity": "sha512-r+29zRUSBMEBUDRAN+rAxi/xPLxozEj9gLUHSvU0+uTiungq0X/hLj676J+JrIohiDe/DcuvZ/OwDi4n6v8i+g==",
          "dev": true,
          "requires": {
            "@ckeditor/ckeditor5-utils": "^27.0.0",
            "ckeditor5": "^27.0.0",
            "lodash-es": "^4.17.15"
          }
        },
        "@ckeditor/ckeditor5-utils": {
          "version": "27.0.0",
          "resolved": "https://registry.npmjs.org/@ckeditor/ckeditor5-utils/-/ckeditor5-utils-27.0.0.tgz",
          "integrity": "sha512-GYscRP6M73og0DRASbUmelL6SHP77F7XaoI3rZrHIXA+ykOp83v9b6I/5CiJdSvB8t/oHVq/ZoJ6s6CrkVFMEQ==",
          "dev": true,
          "requires": {
            "lodash-es": "^4.17.15"
          }
        }
      }
    },
    "lodash-es": {
      "version": "4.17.15",
      "resolved": "https://registry.npmjs.org/lodash-es/-/lodash-es-4.17.15.tgz",
      "integrity": "sha512-rlrc3yU3+JNOpZ9zj5pQtxnx2THmvRykwL4Xlxoa8I9lHBlVbbyPhgyPMioxVZ4NqyxaVVtaJnzsyOidQIhyyQ==",
      "dev": true
    }
  }
}
